
Microsoft Visual Studio Solution File, Format Version 12.00
# Visual Studio 15
VisualStudioVersion = 15.0.27130.2036
MinimumVisualStudioVersion = 10.0.40219.1
Project("{2150E333-8FDC-42A3-9474-1A3956D46DE8}") = "Source", "Source", "{80058A54-6223-480C-AA19-F99E7AE593F3}"
EndProject
Project("{2150E333-8FDC-42A3-9474-1A3956D46DE8}") = "Samples", "Samples", "{05BDC895-7F7B-4B6F-8D69-E7916837092D}"
EndProject
Project("{2150E333-8FDC-42A3-9474-1A3956D46DE8}") = "Test", "Test", "{C5A4976B-EABE-41F5-A855-6B887A04F333}"
EndProject
Project("{2150E333-8FDC-42A3-9474-1A3956D46DE8}") = "Deploy", "Deploy", "{80FC5EA1-3478-4E7F-8B05-190DF6750EA4}"
	ProjectSection(SolutionItems) = preProject
		Deploy\Licence.txt = Deploy\Licence.txt
	EndProjectSection
EndProject
Project("{9A19103F-16F7-4668-BE54-9A1E7A4F7556}") = "Playground", "Test\Playground.csproj", "{F34AE966-F8EB-46EC-A1A9-E7D8B1CA3DAB}"
EndProject
Project("{2150E333-8FDC-42A3-9474-1A3956D46DE8}") = "Logo", "Logo", "{817B040E-5F27-4ACD-B1E4-F46452668A0E}"
	ProjectSection(SolutionItems) = preProject
		Deploy\Logo\DotImaging.pptx = Deploy\Logo\DotImaging.pptx
		Deploy\Logo\logo-big.png = Deploy\Logo\logo-big.png
		Deploy\Logo\logo-small.png = Deploy\Logo\logo-small.png
	EndProjectSection
EndProject
Project("{9A19103F-16F7-4668-BE54-9A1E7A4F7556}") = "BitmapInterop", "Source\BitmapInterop\BitmapInterop.csproj", "{CE222A84-B03B-4053-8BA4-F237063382F2}"
EndProject
Project("{9A19103F-16F7-4668-BE54-9A1E7A4F7556}") = "Drawing", "Source\Drawing\Drawing.csproj", "{00A17086-903D-4047-BFB2-C7B4AA110B97}"
EndProject
Project("{9A19103F-16F7-4668-BE54-9A1E7A4F7556}") = "Image", "Source\Image\Image.csproj", "{3CF8F155-3DA1-4529-9B28-D409E86ED4E2}"
EndProject
Project("{9A19103F-16F7-4668-BE54-9A1E7A4F7556}") = "IO", "Source\IO\IO.csproj", "{ED70A44E-9443-4A28-9B95-31299F8B2D08}"
EndProject
Project("{9A19103F-16F7-4668-BE54-9A1E7A4F7556}") = "Linq", "Source\LINQ\Linq.csproj", "{8F4ADF98-76E1-4893-A458-486542EED521}"
EndProject
Project("{9A19103F-16F7-4668-BE54-9A1E7A4F7556}") = "Primitives2D", "Source\Primitives2D\Primitives2D.csproj", "{D5767A78-E50A-4B5D-94F5-44A59B87F944}"
EndProject
Project("{9A19103F-16F7-4668-BE54-9A1E7A4F7556}") = "BitmapSourceInterop", "Source\BitmapSourceInterop\BitmapSourceInterop.csproj", "{DF710A32-937E-4609-B803-1D3D67F2BE6E}"
EndProject
Project("{9A19103F-16F7-4668-BE54-9A1E7A4F7556}") = "UI", "Source\UI\UI.csproj", "{8FF4684E-0AA5-4169-A6B1-C54969F8FCB8}"
EndProject
Project("{9A19103F-16F7-4668-BE54-9A1E7A4F7556}") = "IO.Web", "Source\IO.Web\IO.Web.csproj", "{B8404D66-B64E-43E0-9653-35FC6782072F}"
EndProject
Project("{9A19103F-16F7-4668-BE54-9A1E7A4F7556}") = "Sample.UI", "Samples\Sample.UI\Sample.UI.csproj", "{4DA857A9-0CE3-43DF-A455-D38A2FA64B07}"
EndProject
Project("{9A19103F-16F7-4668-BE54-9A1E7A4F7556}") = "Sample.VideoStreaming", "Samples\Sample.VideoStreaming\Sample.VideoStreaming.csproj", "{CB088D8A-3438-4DB9-87C2-99425FE27F07}"
EndProject
Project("{9A19103F-16F7-4668-BE54-9A1E7A4F7556}") = "Sample.Basic", "Samples\Sample.Basic\Sample.Basic.csproj", "{5F5FE08B-37C1-4C62-BB1A-DFFF61B3516A}"
EndProject
Project("{9A19103F-16F7-4668-BE54-9A1E7A4F7556}") = "Sample.Interop", "Samples\Sample.Interop\Sample.Interop.csproj", "{E4ED626D-359B-493C-A72E-3738A5353D1B}"
EndProject
Project("{9A19103F-16F7-4668-BE54-9A1E7A4F7556}") = "Sample.Capture", "Samples\Sample.Capture\Sample.Capture.csproj", "{D0C18418-5282-4BA8-ABF7-CC2A9A179517}"
EndProject
Project("{9A19103F-16F7-4668-BE54-9A1E7A4F7556}") = "Sample.CaptureAndRecord", "Samples\Sample.CaptureAndRecord\Sample.CaptureAndRecord.csproj", "{867ED0BD-FBFB-4C0C-A34B-D71361874AA0}"
EndProject
Project("{9A19103F-16F7-4668-BE54-9A1E7A4F7556}") = "Sample.ImageExtractor", "Samples\Sample.ImageExtractor\Sample.ImageExtractor.csproj", "{55FF1668-9501-4007-84D8-26EF860F0D0D}"
EndProject
Project("{9A19103F-16F7-4668-BE54-9A1E7A4F7556}") = "Sample.MultipleCameraCapture", "Samples\Sample.MultipleCameraCapture\Sample.MultipleCameraCapture.csproj", "{C30A145E-02FB-49B4-8F3E-6673AF9D121A}"
EndProject
Project("{2150E333-8FDC-42A3-9474-1A3956D46DE8}") = "NuGet", "NuGet", "{44744CCA-2769-4607-AC90-78B6A11A2E77}"
	ProjectSection(SolutionItems) = preProject
		Deploy\Nuget\Push.cmd = Deploy\Nuget\Push.cmd
	EndProjectSection
EndProject
Project("{9A19103F-16F7-4668-BE54-9A1E7A4F7556}") = "BaseOperations", "Source\BaseOperations\BaseOperations.csproj", "{E8F6A81C-6806-41D5-B795-0E214B308D5C}"
EndProject
Project("{9A19103F-16F7-4668-BE54-9A1E7A4F7556}") = "ImageDebuggerVisualizer", "Tools\ImageDebuggerVisualizer\ImageDebuggerVisualizer.csproj", "{0EBA2590-3F39-4F8E-81A2-1F20CB934398}"
EndProject
Project("{2150E333-8FDC-42A3-9474-1A3956D46DE8}") = "Tools", "Tools", "{99AC6620-13B1-4543-91E7-08CD049B13B1}"
EndProject
Project("{D954291E-2A0B-460D-934E-DC6B0785DB48}") = "Core", "Source\Core\Core.shproj", "{C271921C-B280-43FA-A633-D3D053EF9CEF}"
EndProject
Global
	GlobalSection(SharedMSBuildProjectFiles) = preSolution
		Source\Core\Core.projitems*{c271921c-b280-43fa-a633-d3d053ef9cef}*SharedItemsImports = 13
	EndGlobalSection
	GlobalSection(SolutionConfigurationPlatforms) = preSolution
		Debug|Any CPU = Debug|Any CPU
		Release|Any CPU = Release|Any CPU
	EndGlobalSection
	GlobalSection(ProjectConfigurationPlatforms) = postSolution
		{F34AE966-F8EB-46EC-A1A9-E7D8B1CA3DAB}.Debug|Any CPU.ActiveCfg = Debug|Any CPU
		{F34AE966-F8EB-46EC-A1A9-E7D8B1CA3DAB}.Debug|Any CPU.Build.0 = Debug|Any CPU
		{F34AE966-F8EB-46EC-A1A9-E7D8B1CA3DAB}.Release|Any CPU.ActiveCfg = Release|Any CPU
		{F34AE966-F8EB-46EC-A1A9-E7D8B1CA3DAB}.Release|Any CPU.Build.0 = Release|Any CPU
		{CE222A84-B03B-4053-8BA4-F237063382F2}.Debug|Any CPU.ActiveCfg = Debug|Any CPU
		{CE222A84-B03B-4053-8BA4-F237063382F2}.Debug|Any CPU.Build.0 = Debug|Any CPU
		{CE222A84-B03B-4053-8BA4-F237063382F2}.Release|Any CPU.ActiveCfg = Release|Any CPU
		{CE222A84-B03B-4053-8BA4-F237063382F2}.Release|Any CPU.Build.0 = Release|Any CPU
		{00A17086-903D-4047-BFB2-C7B4AA110B97}.Debug|Any CPU.ActiveCfg = Debug|Any CPU
		{00A17086-903D-4047-BFB2-C7B4AA110B97}.Debug|Any CPU.Build.0 = Debug|Any CPU
		{00A17086-903D-4047-BFB2-C7B4AA110B97}.Release|Any CPU.ActiveCfg = Release|Any CPU
		{00A17086-903D-4047-BFB2-C7B4AA110B97}.Release|Any CPU.Build.0 = Release|Any CPU
		{3CF8F155-3DA1-4529-9B28-D409E86ED4E2}.Debug|Any CPU.ActiveCfg = Debug|Any CPU
		{3CF8F155-3DA1-4529-9B28-D409E86ED4E2}.Debug|Any CPU.Build.0 = Debug|Any CPU
		{3CF8F155-3DA1-4529-9B28-D409E86ED4E2}.Release|Any CPU.ActiveCfg = Release|Any CPU
		{3CF8F155-3DA1-4529-9B28-D409E86ED4E2}.Release|Any CPU.Build.0 = Release|Any CPU
		{ED70A44E-9443-4A28-9B95-31299F8B2D08}.Debug|Any CPU.ActiveCfg = Debug|Any CPU
		{ED70A44E-9443-4A28-9B95-31299F8B2D08}.Debug|Any CPU.Build.0 = Debug|Any CPU
		{ED70A44E-9443-4A28-9B95-31299F8B2D08}.Release|Any CPU.ActiveCfg = Release|Any CPU
		{ED70A44E-9443-4A28-9B95-31299F8B2D08}.Release|Any CPU.Build.0 = Release|Any CPU
		{8F4ADF98-76E1-4893-A458-486542EED521}.Debug|Any CPU.ActiveCfg = Debug|Any CPU
		{8F4ADF98-76E1-4893-A458-486542EED521}.Debug|Any CPU.Build.0 = Debug|Any CPU
		{8F4ADF98-76E1-4893-A458-486542EED521}.Release|Any CPU.ActiveCfg = Release|Any CPU
		{8F4ADF98-76E1-4893-A458-486542EED521}.Release|Any CPU.Build.0 = Release|Any CPU
		{D5767A78-E50A-4B5D-94F5-44A59B87F944}.Debug|Any CPU.ActiveCfg = Debug|Any CPU
		{D5767A78-E50A-4B5D-94F5-44A59B87F944}.Debug|Any CPU.Build.0 = Debug|Any CPU
		{D5767A78-E50A-4B5D-94F5-44A59B87F944}.Release|Any CPU.ActiveCfg = Release|Any CPU
		{D5767A78-E50A-4B5D-94F5-44A59B87F944}.Release|Any CPU.Build.0 = Release|Any CPU
		{DF710A32-937E-4609-B803-1D3D67F2BE6E}.Debug|Any CPU.ActiveCfg = Debug|Any CPU
		{DF710A32-937E-4609-B803-1D3D67F2BE6E}.Debug|Any CPU.Build.0 = Debug|Any CPU
		{DF710A32-937E-4609-B803-1D3D67F2BE6E}.Release|Any CPU.ActiveCfg = Release|Any CPU
		{DF710A32-937E-4609-B803-1D3D67F2BE6E}.Release|Any CPU.Build.0 = Release|Any CPU
		{8FF4684E-0AA5-4169-A6B1-C54969F8FCB8}.Debug|Any CPU.ActiveCfg = Debug|Any CPU
		{8FF4684E-0AA5-4169-A6B1-C54969F8FCB8}.Debug|Any CPU.Build.0 = Debug|Any CPU
		{8FF4684E-0AA5-4169-A6B1-C54969F8FCB8}.Release|Any CPU.ActiveCfg = Release|Any CPU
		{8FF4684E-0AA5-4169-A6B1-C54969F8FCB8}.Release|Any CPU.Build.0 = Release|Any CPU
		{B8404D66-B64E-43E0-9653-35FC6782072F}.Debug|Any CPU.ActiveCfg = Debug|Any CPU
		{B8404D66-B64E-43E0-9653-35FC6782072F}.Debug|Any CPU.Build.0 = Debug|Any CPU
		{B8404D66-B64E-43E0-9653-35FC6782072F}.Release|Any CPU.ActiveCfg = Release|Any CPU
		{B8404D66-B64E-43E0-9653-35FC6782072F}.Release|Any CPU.Build.0 = Release|Any CPU
		{4DA857A9-0CE3-43DF-A455-D38A2FA64B07}.Debug|Any CPU.ActiveCfg = Debug|Any CPU
		{4DA857A9-0CE3-43DF-A455-D38A2FA64B07}.Debug|Any CPU.Build.0 = Debug|Any CPU
		{4DA857A9-0CE3-43DF-A455-D38A2FA64B07}.Release|Any CPU.ActiveCfg = Release|Any CPU
		{4DA857A9-0CE3-43DF-A455-D38A2FA64B07}.Release|Any CPU.Build.0 = Release|Any CPU
		{CB088D8A-3438-4DB9-87C2-99425FE27F07}.Debug|Any CPU.ActiveCfg = Debug|Any CPU
		{CB088D8A-3438-4DB9-87C2-99425FE27F07}.Debug|Any CPU.Build.0 = Debug|Any CPU
		{CB088D8A-3438-4DB9-87C2-99425FE27F07}.Release|Any CPU.ActiveCfg = Release|Any CPU
		{CB088D8A-3438-4DB9-87C2-99425FE27F07}.Release|Any CPU.Build.0 = Release|Any CPU
		{5F5FE08B-37C1-4C62-BB1A-DFFF61B3516A}.Debug|Any CPU.ActiveCfg = Debug|Any CPU
		{5F5FE08B-37C1-4C62-BB1A-DFFF61B3516A}.Debug|Any CPU.Build.0 = Debug|Any CPU
		{5F5FE08B-37C1-4C62-BB1A-DFFF61B3516A}.Release|Any CPU.ActiveCfg = Release|Any CPU
		{5F5FE08B-37C1-4C62-BB1A-DFFF61B3516A}.Release|Any CPU.Build.0 = Release|Any CPU
		{E4ED626D-359B-493C-A72E-3738A5353D1B}.Debug|Any CPU.ActiveCfg = Debug|Any CPU
		{E4ED626D-359B-493C-A72E-3738A5353D1B}.Debug|Any CPU.Build.0 = Debug|Any CPU
		{E4ED626D-359B-493C-A72E-3738A5353D1B}.Release|Any CPU.ActiveCfg = Release|Any CPU
		{E4ED626D-359B-493C-A72E-3738A5353D1B}.Release|Any CPU.Build.0 = Release|Any CPU
		{D0C18418-5282-4BA8-ABF7-CC2A9A179517}.Debug|Any CPU.ActiveCfg = Debug|Any CPU
		{D0C18418-5282-4BA8-ABF7-CC2A9A179517}.Debug|Any CPU.Build.0 = Debug|Any CPU
		{D0C18418-5282-4BA8-ABF7-CC2A9A179517}.Release|Any CPU.ActiveCfg = Release|Any CPU
		{D0C18418-5282-4BA8-ABF7-CC2A9A179517}.Release|Any CPU.Build.0 = Release|Any CPU
		{867ED0BD-FBFB-4C0C-A34B-D71361874AA0}.Debug|Any CPU.ActiveCfg = Debug|Any CPU
		{867ED0BD-FBFB-4C0C-A34B-D71361874AA0}.Debug|Any CPU.Build.0 = Debug|Any CPU
		{867ED0BD-FBFB-4C0C-A34B-D71361874AA0}.Release|Any CPU.ActiveCfg = Release|Any CPU
		{867ED0BD-FBFB-4C0C-A34B-D71361874AA0}.Release|Any CPU.Build.0 = Release|Any CPU
		{55FF1668-9501-4007-84D8-26EF860F0D0D}.Debug|Any CPU.ActiveCfg = Debug|Any CPU
		{55FF1668-9501-4007-84D8-26EF860F0D0D}.Debug|Any CPU.Build.0 = Debug|Any CPU
		{55FF1668-9501-4007-84D8-26EF860F0D0D}.Release|Any CPU.ActiveCfg = Release|Any CPU
		{55FF1668-9501-4007-84D8-26EF860F0D0D}.Release|Any CPU.Build.0 = Release|Any CPU
		{C30A145E-02FB-49B4-8F3E-6673AF9D121A}.Debug|Any CPU.ActiveCfg = Debug|Any CPU
		{C30A145E-02FB-49B4-8F3E-6673AF9D121A}.Debug|Any CPU.Build.0 = Debug|Any CPU
		{C30A145E-02FB-49B4-8F3E-6673AF9D121A}.Release|Any CPU.ActiveCfg = Release|Any CPU
		{C30A145E-02FB-49B4-8F3E-6673AF9D121A}.Release|Any CPU.Build.0 = Release|Any CPU
		{E8F6A81C-6806-41D5-B795-0E214B308D5C}.Debug|Any CPU.ActiveCfg = Debug|Any CPU
		{E8F6A81C-6806-41D5-B795-0E214B308D5C}.Debug|Any CPU.Build.0 = Debug|Any CPU
		{E8F6A81C-6806-41D5-B795-0E214B308D5C}.Release|Any CPU.ActiveCfg = Release|Any CPU
		{E8F6A81C-6806-41D5-B795-0E214B308D5C}.Release|Any CPU.Build.0 = Release|Any CPU
		{0EBA2590-3F39-4F8E-81A2-1F20CB934398}.Debug|Any CPU.ActiveCfg = Debug|Any CPU
		{0EBA2590-3F39-4F8E-81A2-1F20CB934398}.Debug|Any CPU.Build.0 = Debug|Any CPU
		{0EBA2590-3F39-4F8E-81A2-1F20CB934398}.Release|Any CPU.ActiveCfg = Release|Any CPU
		{0EBA2590-3F39-4F8E-81A2-1F20CB934398}.Release|Any CPU.Build.0 = Release|Any CPU
	EndGlobalSection
	GlobalSection(SolutionProperties) = preSolution
		HideSolutionNode = FALSE
	EndGlobalSection
	GlobalSection(NestedProjects) = preSolution
		{F34AE966-F8EB-46EC-A1A9-E7D8B1CA3DAB} = {C5A4976B-EABE-41F5-A855-6B887A04F333}
		{817B040E-5F27-4ACD-B1E4-F46452668A0E} = {80FC5EA1-3478-4E7F-8B05-190DF6750EA4}
		{CE222A84-B03B-4053-8BA4-F237063382F2} = {80058A54-6223-480C-AA19-F99E7AE593F3}
		{00A17086-903D-4047-BFB2-C7B4AA110B97} = {80058A54-6223-480C-AA19-F99E7AE593F3}
		{3CF8F155-3DA1-4529-9B28-D409E86ED4E2} = {80058A54-6223-480C-AA19-F99E7AE593F3}
		{ED70A44E-9443-4A28-9B95-31299F8B2D08} = {80058A54-6223-480C-AA19-F99E7AE593F3}
		{8F4ADF98-76E1-4893-A458-486542EED521} = {80058A54-6223-480C-AA19-F99E7AE593F3}
		{D5767A78-E50A-4B5D-94F5-44A59B87F944} = {80058A54-6223-480C-AA19-F99E7AE593F3}
		{DF710A32-937E-4609-B803-1D3D67F2BE6E} = {80058A54-6223-480C-AA19-F99E7AE593F3}
		{8FF4684E-0AA5-4169-A6B1-C54969F8FCB8} = {80058A54-6223-480C-AA19-F99E7AE593F3}
		{B8404D66-B64E-43E0-9653-35FC6782072F} = {80058A54-6223-480C-AA19-F99E7AE593F3}
		{4DA857A9-0CE3-43DF-A455-D38A2FA64B07} = {05BDC895-7F7B-4B6F-8D69-E7916837092D}
		{CB088D8A-3438-4DB9-87C2-99425FE27F07} = {05BDC895-7F7B-4B6F-8D69-E7916837092D}
		{5F5FE08B-37C1-4C62-BB1A-DFFF61B3516A} = {05BDC895-7F7B-4B6F-8D69-E7916837092D}
		{E4ED626D-359B-493C-A72E-3738A5353D1B} = {05BDC895-7F7B-4B6F-8D69-E7916837092D}
		{D0C18418-5282-4BA8-ABF7-CC2A9A179517} = {05BDC895-7F7B-4B6F-8D69-E7916837092D}
		{867ED0BD-FBFB-4C0C-A34B-D71361874AA0} = {05BDC895-7F7B-4B6F-8D69-E7916837092D}
		{55FF1668-9501-4007-84D8-26EF860F0D0D} = {05BDC895-7F7B-4B6F-8D69-E7916837092D}
		{C30A145E-02FB-49B4-8F3E-6673AF9D121A} = {05BDC895-7F7B-4B6F-8D69-E7916837092D}
		{44744CCA-2769-4607-AC90-78B6A11A2E77} = {80FC5EA1-3478-4E7F-8B05-190DF6750EA4}
		{E8F6A81C-6806-41D5-B795-0E214B308D5C} = {80058A54-6223-480C-AA19-F99E7AE593F3}
		{0EBA2590-3F39-4F8E-81A2-1F20CB934398} = {99AC6620-13B1-4543-91E7-08CD049B13B1}
		{C271921C-B280-43FA-A633-D3D053EF9CEF} = {80058A54-6223-480C-AA19-F99E7AE593F3}
	EndGlobalSection
	GlobalSection(ExtensibilityGlobals) = postSolution
		SolutionGuid = {DEAC2BC6-C697-4361-9909-CF7055FE9B05}
	EndGlobalSection
EndGlobal
